
Microsoft Visual Studio Solution File, Format Version 12.00
# Visual Studio Version 17
VisualStudioVersion = 17.14.36109.1
MinimumVisualStudioVersion = 10.0.40219.1
Project("{FAE04EC0-301F-11D3-BF4B-00C04F79EFBC}") = "Barbearia.API", "Barbearia.API\Barbearia.API.csproj", "{9389DCCD-D1D9-4772-852A-E95BD5E5BAEF}"
EndProject
Project("{FAE04EC0-301F-11D3-BF4B-00C04F79EFBC}") = "Barbearia.Domain", "Faturamento.Domain\Barbearia.Domain.csproj", "{2B58F450-DC0B-408C-9E1A-073D13B7F0CA}"
EndProject
Project("{FAE04EC0-301F-11D3-BF4B-00C04F79EFBC}") = "Barbearia.Data", "Faturamento.Data\Barbearia.Data.csproj", "{C0BB72E7-7502-4535-B518-211CAD458CDE}"
EndProject
Project("{FAE04EC0-301F-11D3-BF4B-00C04F79EFBC}") = "Barbearia.Exceptions", "Faturamento.Exception\Barbearia.Exceptions.csproj", "{895A6693-6086-4A83-9F26-4CE7A65006A5}"
EndProject
Project("{FAE04EC0-301F-11D3-BF4B-00C04F79EFBC}") = "Barbearia.Infra", "Faturamento.Infra\Barbearia.Infra.csproj", "{38745C6B-C391-4FB2-A06B-CE08C9E1B6FA}"
EndProject
Global
	GlobalSection(SolutionConfigurationPlatforms) = preSolution
		Debug|Any CPU = Debug|Any CPU
		Release|Any CPU = Release|Any CPU
	EndGlobalSection
	GlobalSection(ProjectConfigurationPlatforms) = postSolution
		{9389DCCD-D1D9-4772-852A-E95BD5E5BAEF}.Debug|Any CPU.ActiveCfg = Debug|Any CPU
		{9389DCCD-D1D9-4772-852A-E95BD5E5BAEF}.Debug|Any CPU.Build.0 = Debug|Any CPU
		{9389DCCD-D1D9-4772-852A-E95BD5E5BAEF}.Release|Any CPU.ActiveCfg = Release|Any CPU
		{9389DCCD-D1D9-4772-852A-E95BD5E5BAEF}.Release|Any CPU.Build.0 = Release|Any CPU
		{2B58F450-DC0B-408C-9E1A-073D13B7F0CA}.Debug|Any CPU.ActiveCfg = Debug|Any CPU
		{2B58F450-DC0B-408C-9E1A-073D13B7F0CA}.Debug|Any CPU.Build.0 = Debug|Any CPU
		{2B58F450-DC0B-408C-9E1A-073D13B7F0CA}.Release|Any CPU.ActiveCfg = Release|Any CPU
		{2B58F450-DC0B-408C-9E1A-073D13B7F0CA}.Release|Any CPU.Build.0 = Release|Any CPU
		{C0BB72E7-7502-4535-B518-211CAD458CDE}.Debug|Any CPU.ActiveCfg = Debug|Any CPU
		{C0BB72E7-7502-4535-B518-211CAD458CDE}.Debug|Any CPU.Build.0 = Debug|Any CPU
		{C0BB72E7-7502-4535-B518-211CAD458CDE}.Release|Any CPU.ActiveCfg = Release|Any CPU
		{C0BB72E7-7502-4535-B518-211CAD458CDE}.Release|Any CPU.Build.0 = Release|Any CPU
		{895A6693-6086-4A83-9F26-4CE7A65006A5}.Debug|Any CPU.ActiveCfg = Debug|Any CPU
		{895A6693-6086-4A83-9F26-4CE7A65006A5}.Debug|Any CPU.Build.0 = Debug|Any CPU
		{895A6693-6086-4A83-9F26-4CE7A65006A5}.Release|Any CPU.ActiveCfg = Release|Any CPU
		{895A6693-6086-4A83-9F26-4CE7A65006A5}.Release|Any CPU.Build.0 = Release|Any CPU
		{38745C6B-C391-4FB2-A06B-CE08C9E1B6FA}.Debug|Any CPU.ActiveCfg = Debug|Any CPU
		{38745C6B-C391-4FB2-A06B-CE08C9E1B6FA}.Debug|Any CPU.Build.0 = Debug|Any CPU
		{38745C6B-C391-4FB2-A06B-CE08C9E1B6FA}.Release|Any CPU.ActiveCfg = Release|Any CPU
		{38745C6B-C391-4FB2-A06B-CE08C9E1B6FA}.Release|Any CPU.Build.0 = Release|Any CPU
	EndGlobalSection
	GlobalSection(SolutionProperties) = preSolution
		HideSolutionNode = FALSE
	EndGlobalSection
	GlobalSection(ExtensibilityGlobals) = postSolution
		SolutionGuid = {44841CFD-5119-43A8-A8A2-FC45C9E6FA14}
	EndGlobalSection
EndGlobal
